
Microsoft Visual Studio Solution File, Format Version 12.00
# Visual Studio Version 16
VisualStudioVersion = 16.0.32413.511
MinimumVisualStudioVersion = 10.0.40219.1
Project("{FAE04EC0-301F-11D3-BF4B-00C04F79EFBC}") = "efDataBase", "efDataBase\efDataBase.csproj", "{8ED634DE-E9DF-49A2-8AD6-2AE3D289FDA6}"
EndProject
Global
	GlobalSection(SolutionConfigurationPlatforms) = preSolution
		Debug|Any CPU = Debug|Any CPU
		Release|Any CPU = Release|Any CPU
	EndGlobalSection
	GlobalSection(ProjectConfigurationPlatforms) = postSolution
		{8ED634DE-E9DF-49A2-8AD6-2AE3D289FDA6}.Debug|Any CPU.ActiveCfg = Debug|Any CPU
		{8ED634DE-E9DF-49A2-8AD6-2AE3D289FDA6}.Debug|Any CPU.Build.0 = Debug|Any CPU
		{8ED634DE-E9DF-49A2-8AD6-2AE3D289FDA6}.Release|Any CPU.ActiveCfg = Release|Any CPU
		{8ED634DE-E9DF-49A2-8AD6-2AE3D289FDA6}.Release|Any CPU.Build.0 = Release|Any CPU
	EndGlobalSection
	GlobalSection(SolutionProperties) = preSolution
		HideSolutionNode = FALSE
	EndGlobalSection
	GlobalSection(ExtensibilityGlobals) = postSolution
		SolutionGuid = {4435E07C-5091-4547-B16F-CCAAE9B25ADC}
	EndGlobalSection
EndGlobal
